{
  "object": {
    "pins": [
      {
        "package": "BrightFutures",
        "repositoryURL": "https://github.com/Thomvis/BrightFutures.git",
        "state": {
          "branch": null,
          "revision": "fa66fa183dce7196d431244d0215748cd14c5758",
          "version": "8.2.0"
        }
      },
      {
        "package": "Erik",
        "repositoryURL": "https://github.com/phimage/Erik.git",
        "state": {
          "branch": null,
          "revision": "109a130e9cdb00789a43a7a625293eeb12d22989",
          "version": "5.1.0"
        }
      },
      {
        "package": "FileKit",
        "repositoryURL": "https://github.com/nvzqz/FileKit.git",
        "state": {
          "branch": null,
          "revision": "826d9161b184509f80d85c28cd612d630646de98",
          "version": "6.0.0"
        }
      },
      {
        "package": "Kanna",
        "repositoryURL": "https://github.com/tid-kijyun/Kanna.git",
        "state": {
          "branch": null,
          "revision": "f9e4922223dd0d3dfbf02ca70812cf5531fc0593",
          "version": "5.2.7"
        }
      },
      {
        "package": "OAuthSwift",
        "repositoryURL": "https://github.com/OAuthSwift/OAuthSwift.git",
        "state": {
          "branch": null,
          "revision": "fde77955e6983fbfaabd491709d52b8a82fda4d0",
          "version": "2.1.2"
        }
      },
      {
        "package": "PLCrashReporter",
        "repositoryURL": "https://github.com/microsoft/plcrashreporter.git",
        "state": {
          "branch": null,
          "revision": "81cdec2b3827feb03286cb297f4c501a8eb98df1",
          "version": "1.10.2"
        }
      },
      {
        "package": "RSCore",
        "repositoryURL": "https://github.com/Ranchero-Software/RSCore",
        "state": {
          "branch": "main",
          "revision": "814adfd956e5bd099b3b81b6680d0a4f6cd56130",
          "version": null
        }
      },
      {
        "package": "RSDatabase",
        "repositoryURL": "https://github.com/Ranchero-Software/RSDatabase",
        "state": {
          "branch": "main",
          "revision": "9a5f8990b3dde2f8187fe9a51ea65856f1614411",
          "version": null
        }
      },
      {
        "package": "RSParser",
        "repositoryURL": "https://github.com/Ranchero-Software/RSParser.git",
        "state": {
          "branch": null,
          "revision": "d5b50ff78905ebfaf26dd698e0e5d3ed8269dd9b",
          "version": "2.0.3"
        }
      },
      {
        "package": "RSTree",
        "repositoryURL": "https://github.com/Ranchero-Software/RSTree",
        "state": {
          "branch": "main",
          "revision": "24d587d35618357dae2458cceb1000528fedb92b",
          "version": null
        }
      },
      {
        "package": "RSWeb",
        "repositoryURL": "https://github.com/Ranchero-Software/RSWeb",
        "state": {
          "branch": "main",
          "revision": "4ba123beea2ee16d85ac838b0de680f9f300c172",
          "version": null
        }
      },
      {
        "package": "RSSparkle",
        "repositoryURL": "https://github.com/Ranchero-Software/Sparkle-Binary",
        "state": {
          "branch": "main",
          "revision": "a627bc8ddf658ab03bcfe29c8539f727159e7a2d",
          "version": null
        }
      },
      {
        "package": "Swifter",
        "repositoryURL": "https://github.com/httpswift/swifter.git",
        "state": {
          "branch": null,
          "revision": "9483a5d459b45c3ffd059f7b55f9638e268632fd",
          "version": "1.5.0"
        }
      },
      {
        "package": "Zip",
        "repositoryURL": "https://github.com/marmelroy/Zip.git",
        "state": {
          "branch": null,
          "revision": "059e7346082d02de16220cd79df7db18ddeba8c3",
          "version": null
        }
      }
    ]
  },
  "version": 1
}
